{
  "name": "Automation-Testing",
  "lockfileVersion": 3,
  "requires": true,
  "packages": {
    "": {
      "dependencies": {
        "codegen": "^0.1.0",
        "dotenv": "^17.4.2",
        "init": "^0.1.2"
      },
      "devDependencies": {
        "@playwright/test": "^1.62.1",
        "@types/node": "^26.4.1"
      }
    },
    "node_modules/@playwright/test": {
      "version": "1.62.1",
      "resolved": "https://registry.npmjs.org/@playwright/test/-/test-1.62.1.tgz",
      "integrity": "sha512-DTcUc8qii+cpHvtOwggMtBRMjKZHXYWdw8syRYu2vtzuq4Wxphqq4NfCs5Zt44L6mA8rfDfj+PHnxFc/FeK6mQ==",
      "dev": true,
      "license": "Apache-2.0",
      "dependencies": {
        "playwright": "1.62.1"
      },
      "bin": {
        "playwright": "cli.js"
      },
      "engines": {
        "node": ">=20"
      }
    },
    "node_modules/@types/node": {
      "version": "26.4.1",
      "resolved": "https://registry.npmjs.org/@types/node/-/node-26.4.1.tgz",
      "integrity": "sha512-k97ENvZWtvA6yqz5/FS6a7duDgOPEeOQOc2iKS/nY6mX6qJUKtLnWzQS+Xj6tXweyj6ZcTAK2Qecetnvi9nCLA==",
      "dev": true,
      "license": "MIT",
      "dependencies": {
        "undici-types": "~8.3.0"
      }
    },
    "node_modules/argparse": {
      "version": "0.1.16",
      "resolved": "https://registry.npmjs.org/argparse/-/argparse-0.1.16.tgz",
      "integrity": "sha512-LjmC2dNpdn2L4UzyoaIr11ELYoLn37ZFy9zObrQFHsSuOepeUEMKnM8w5KL4Tnrp2gy88rRuQt6Ky8Bjml+Baw==",
      "license": "MIT",
      "dependencies": {
        "underscore": "~1.7.0",
        "underscore.string": "~2.4.0"
      }
    },
    "node_modules/argparse/node_modules/underscore": {
      "version": "1.7.0",
      "resolved": "https://registry.npmjs.org/underscore/-/underscore-1.7.0.tgz",
      "integrity": "sha512-cp0oQQyZhUM1kpJDLdGO1jPZHgS/MpzoWYfe9+CM2h/QGDZlqwT2T3YGukuBdaNJ/CAPoeyAZRRHz8JFo176vA=="
    },
    "node_modules/codegen": {
      "version": "0.1.0",
      "resolved": "https://registry.npmjs.org/codegen/-/codegen-0.1.0.tgz",
      "integrity": "sha512-0Ipplq+IaVTA05knsyGIgYNVa+iH2r4WA77jFYGC1geXIFe0y9cLTZBoKTHiix6MBNlTaBbZ0Y7DKH2VR77bEA==",
      "dependencies": {
        "js-yaml": "3.1.0",
        "sugar": "1.4.1",
        "underscore": "1.6.0"
      },
      "bin": {
        "codegen": "lib/codegen-cli.js"
      }
    },
    "node_modules/daemon": {
      "version": "1.1.0",
      "resolved": "https://registry.npmjs.org/daemon/-/daemon-1.1.0.tgz",
      "integrity": "sha512-1vX9YVcP21gt12nSD3SQRC/uPU7fyA6M8qyClTBIFuiRWoylFn57PwXhjBAqRl085bZAje7sILhZU48qcS9SWw==",
      "engines": {
        "node": ">= 0.8.0"
      }
    },
    "node_modules/dotenv": {
      "version": "17.4.2",
      "resolved": "https://registry.npmjs.org/dotenv/-/dotenv-17.4.2.tgz",
      "integrity": "sha512-nI4U3TottKAcAD9LLud4Cb7b2QztQMUEfHbvhTH09bqXTxnSie8WnjPALV/WMCrJZ6UV/qHJ6L03OqO3LcdYZw==",
      "license": "BSD-2-Clause",
      "engines": {
        "node": ">=12"
      },
      "funding": {
        "url": "https://dotenvx.com"
      }
    },
    "node_modules/esprima": {
      "version": "1.0.4",
      "resolved": "https://registry.npmjs.org/esprima/-/esprima-1.0.4.tgz",
      "integrity": "sha512-rp5dMKN8zEs9dfi9g0X1ClLmV//WRyk/R15mppFNICIFRG5P92VP7Z04p8pk++gABo9W2tY+kHyu6P1mEHgmTA==",
      "bin": {
        "esparse": "bin/esparse.js",
        "esvalidate": "bin/esvalidate.js"
      },
      "engines": {
        "node": ">=0.4.0"
      }
    },
    "node_modules/fsevents": {
      "version": "2.3.2",
      "resolved": "https://registry.npmjs.org/fsevents/-/fsevents-2.3.2.tgz",
      "integrity": "sha512-xiqMQR4xAeHTuB9uWm+fFRcIOgKBMiOBP+eXiyT7jsgVCq1bkVygt00oASowB7EdtpOHaaPgKt812P9ab+DDKA==",
      "dev": true,
      "hasInstallScript": true,
      "license": "MIT",
      "optional": true,
      "os": [
        "darwin"
      ],
      "engines": {
        "node": "^8.16.0 || ^10.6.0 || >=11.0.0"
      }
    },
    "node_modules/init": {
      "version": "0.1.2",
      "resolved": "https://registry.npmjs.org/init/-/init-0.1.2.tgz",
      "integrity": "sha512-IvHUjULS2q+BXJdiu4FHkByh3+qSFmkOXQ2ItSfYTtkdUksQc0yNX6f1uDyokzRV71tjpFsFc3ckeYLJXunTGw==",
      "dependencies": {
        "daemon": ">=0.3.0"
      },
      "engines": {
        "node": ">=0.4.7"
      }
    },
    "node_modules/js-yaml": {
      "version": "3.1.0",
      "resolved": "https://registry.npmjs.org/js-yaml/-/js-yaml-3.1.0.tgz",
      "integrity": "sha512-AgPExLjC+sVh3GLVZdoTprN9oKoF911GFq0CMs8XVXPyfOfelpH9+NKGAn0NKqt9g38/5nPHqBOD8ObqhoSQ6Q==",
      "license": "MIT",
      "dependencies": {
        "argparse": "~ 0.1.11",
        "esprima": "~ 1.0.2"
      },
      "bin": {
        "js-yaml": "bin/js-yaml.js"
      }
    },
    "node_modules/playwright": {
      "version": "1.62.1",
      "resolved": "https://registry.npmjs.org/playwright/-/playwright-1.62.1.tgz",
      "integrity": "sha512-0M+L3LAD8/nm554LOla9Ayx0j0tmFZ0FBcoQ7F1VuVHpM/XpiC8RcDzBQB8W5+hA8L22THxELzeF+2WcUzvcLg==",
      "dev": true,
      "license": "Apache-2.0",
      "dependencies": {
        "playwright-core": "1.62.1"
      },
      "bin": {
        "playwright": "cli.js"
      },
      "engines": {
        "node": ">=20"
      },
      "optionalDependencies": {
        "fsevents": "2.3.2"
      }
    },
    "node_modules/playwright-core": {
      "version": "1.62.1",
      "resolved": "https://registry.npmjs.org/playwright-core/-/playwright-core-1.62.1.tgz",
      "integrity": "sha512-wPYSwEBJY9GHraISXqyqtx0na0LpO3XEX7jNDhntbex7tzUS7kLnZsOlFruFJB4Hi/rhDMjXGqHewDZ68nYZVw==",
      "dev": true,
      "license": "Apache-2.0",
      "bin": {
        "playwright-core": "cli.js"
      },
      "engines": {
        "node": ">=20"
      }
    },
    "node_modules/sugar": {
      "version": "1.4.1",
      "resolved": "https://registry.npmjs.org/sugar/-/sugar-1.4.1.tgz",
      "integrity": "sha512-L7sMG1FTSoJT/1su2ZhvuUGmSP8hTma95qCx+Y593kEuZWobPlGsEE+H9Qpl/Na46CsFVXPUBUfW7kRfTE0a6Q==",
      "license": "MIT",
      "engines": {
        "node": ">= 0.4.0"
      }
    },
    "node_modules/underscore": {
      "version": "1.6.0",
      "resolved": "https://registry.npmjs.org/underscore/-/underscore-1.6.0.tgz",
      "integrity": "sha512-z4o1fvKUojIWh9XuaVLUDdf86RQiq13AC1dmHbTpoyuu+bquHms76v16CjycCbec87J7z0k//SiQVk0sMdFmpQ=="
    },
    "node_modules/underscore.string": {
      "version": "2.4.0",
      "resolved": "https://registry.npmjs.org/underscore.string/-/underscore.string-2.4.0.tgz",
      "integrity": "sha512-yxkabuCaIBnzfIvX3kBxQqCs0ar/bfJwDnFEHJUm/ZrRVhT3IItdRF5cZjARLzEnyQYtIUhsZ2LG2j3HidFOFQ==",
      "engines": {
        "node": "*"
      }
    },
    "node_modules/undici-types": {
      "version": "8.3.0",
      "resolved": "https://registry.npmjs.org/undici-types/-/undici-types-8.3.0.tgz",
      "integrity": "sha512-j375ScV60dom+YkPFIfTLcOiPxkN/buHz5GobjLhixFuANaNs3C9l4GmrWqejgXWJ7BbJcFYpTEUkS1Ge8bpZQ==",
      "dev": true,
      "license": "MIT"
    }
  }
}
